
Microsoft Visual Studio Solution File, Format Version 12.00
# Visual Studio Version 16
VisualStudioVersion = 16.0.31025.194
MinimumVisualStudioVersion = 10.0.40219.1
Project("{9A19103F-16F7-4668-BE54-9A1E7A4F7556}") = "Mongo.Console", "Mongo.Console\Mongo.Console.csproj", "{7C3290FB-220C-468E-AA74-7C3035F91E89}"
EndProject
Global
	GlobalSection(SolutionConfigurationPlatforms) = preSolution
		Debug|Any CPU = Debug|Any CPU
		Release|Any CPU = Release|Any CPU
	EndGlobalSection
	GlobalSection(ProjectConfigurationPlatforms) = postSolution
		{7C3290FB-220C-468E-AA74-7C3035F91E89}.Debug|Any CPU.ActiveCfg = Debug|Any CPU
		{7C3290FB-220C-468E-AA74-7C3035F91E89}.Debug|Any CPU.Build.0 = Debug|Any CPU
		{7C3290FB-220C-468E-AA74-7C3035F91E89}.Release|Any CPU.ActiveCfg = Release|Any CPU
		{7C3290FB-220C-468E-AA74-7C3035F91E89}.Release|Any CPU.Build.0 = Release|Any CPU
	EndGlobalSection
	GlobalSection(SolutionProperties) = preSolution
		HideSolutionNode = FALSE
	EndGlobalSection
	GlobalSection(ExtensibilityGlobals) = postSolution
		SolutionGuid = {A291DE37-1685-438A-941A-6EBB3D96B20B}
	EndGlobalSection
EndGlobal
